
Microsoft Visual Studio Solution File, Format Version 12.00
# Visual Studio 15
Project("{FAE04EC0-301F-11D3-BF4B-00C04F79EFBC}") = "ListaDogApp.Android", "ListaDogApp.Android\ListaDogApp.Android.csproj", "{276D7CE3-B4A7-47CE-84DC-97EE25B03944}"
EndProject
Project("{FAE04EC0-301F-11D3-BF4B-00C04F79EFBC}") = "ListaDogApp.iOS", "ListaDogApp.iOS\ListaDogApp.iOS.csproj", "{F51E0397-3764-4178-944A-AB914C364440}"
EndProject
Project("{FAE04EC0-301F-11D3-BF4B-00C04F79EFBC}") = "ListaDogApp", "ListaDogApp\ListaDogApp.csproj", "{0688B9E7-7296-4D08-B1E2-294E92C5C773}"
EndProject
Global
	GlobalSection(SolutionConfigurationPlatforms) = preSolution
		Debug|Any CPU = Debug|Any CPU
		Release|Any CPU = Release|Any CPU
		Debug|iPhoneSimulator = Debug|iPhoneSimulator
		Release|iPhoneSimulator = Release|iPhoneSimulator
		Debug|iPhone = Debug|iPhone
		Release|iPhone = Release|iPhone
		Ad-Hoc|iPhone = Ad-Hoc|iPhone
		AppStore|iPhone = AppStore|iPhone
	EndGlobalSection
	GlobalSection(ProjectConfigurationPlatforms) = postSolution
		{276D7CE3-B4A7-47CE-84DC-97EE25B03944}.Debug|Any CPU.ActiveCfg = Debug|Any CPU
		{276D7CE3-B4A7-47CE-84DC-97EE25B03944}.Debug|Any CPU.Build.0 = Debug|Any CPU
		{276D7CE3-B4A7-47CE-84DC-97EE25B03944}.Release|Any CPU.ActiveCfg = Release|Any CPU
		{276D7CE3-B4A7-47CE-84DC-97EE25B03944}.Release|Any CPU.Build.0 = Release|Any CPU
		{276D7CE3-B4A7-47CE-84DC-97EE25B03944}.Debug|iPhoneSimulator.ActiveCfg = Debug|Any CPU
		{276D7CE3-B4A7-47CE-84DC-97EE25B03944}.Debug|iPhoneSimulator.Build.0 = Debug|Any CPU
		{276D7CE3-B4A7-47CE-84DC-97EE25B03944}.Release|iPhoneSimulator.ActiveCfg = Release|Any CPU
		{276D7CE3-B4A7-47CE-84DC-97EE25B03944}.Release|iPhoneSimulator.Build.0 = Release|Any CPU
		{276D7CE3-B4A7-47CE-84DC-97EE25B03944}.Debug|iPhone.ActiveCfg = Debug|Any CPU
		{276D7CE3-B4A7-47CE-84DC-97EE25B03944}.Debug|iPhone.Build.0 = Debug|Any CPU
		{276D7CE3-B4A7-47CE-84DC-97EE25B03944}.Release|iPhone.ActiveCfg = Release|Any CPU
		{276D7CE3-B4A7-47CE-84DC-97EE25B03944}.Release|iPhone.Build.0 = Release|Any CPU
		{276D7CE3-B4A7-47CE-84DC-97EE25B03944}.Ad-Hoc|iPhone.ActiveCfg = Debug|Any CPU
		{276D7CE3-B4A7-47CE-84DC-97EE25B03944}.Ad-Hoc|iPhone.Build.0 = Debug|Any CPU
		{276D7CE3-B4A7-47CE-84DC-97EE25B03944}.AppStore|iPhone.ActiveCfg = Debug|Any CPU
		{276D7CE3-B4A7-47CE-84DC-97EE25B03944}.AppStore|iPhone.Build.0 = Debug|Any CPU
		{F51E0397-3764-4178-944A-AB914C364440}.Debug|Any CPU.ActiveCfg = Debug|iPhoneSimulator
		{F51E0397-3764-4178-944A-AB914C364440}.Debug|Any CPU.Build.0 = Debug|iPhoneSimulator
		{F51E0397-3764-4178-944A-AB914C364440}.Release|Any CPU.ActiveCfg = Release|iPhoneSimulator
		{F51E0397-3764-4178-944A-AB914C364440}.Release|Any CPU.Build.0 = Release|iPhoneSimulator
		{F51E0397-3764-4178-944A-AB914C364440}.Debug|iPhoneSimulator.ActiveCfg = Debug|iPhoneSimulator
		{F51E0397-3764-4178-944A-AB914C364440}.Debug|iPhoneSimulator.Build.0 = Debug|iPhoneSimulator
		{F51E0397-3764-4178-944A-AB914C364440}.Release|iPhoneSimulator.ActiveCfg = Release|iPhoneSimulator
		{F51E0397-3764-4178-944A-AB914C364440}.Release|iPhoneSimulator.Build.0 = Release|iPhoneSimulator
		{F51E0397-3764-4178-944A-AB914C364440}.Debug|iPhone.ActiveCfg = Debug|iPhone
		{F51E0397-3764-4178-944A-AB914C364440}.Debug|iPhone.Build.0 = Debug|iPhone
		{F51E0397-3764-4178-944A-AB914C364440}.Release|iPhone.ActiveCfg = Release|iPhone
		{F51E0397-3764-4178-944A-AB914C364440}.Release|iPhone.Build.0 = Release|iPhone
		{F51E0397-3764-4178-944A-AB914C364440}.Ad-Hoc|iPhone.ActiveCfg = Ad-Hoc|iPhone
		{F51E0397-3764-4178-944A-AB914C364440}.Ad-Hoc|iPhone.Build.0 = Ad-Hoc|iPhone
		{F51E0397-3764-4178-944A-AB914C364440}.AppStore|iPhone.ActiveCfg = AppStore|iPhone
		{F51E0397-3764-4178-944A-AB914C364440}.AppStore|iPhone.Build.0 = AppStore|iPhone
		{0688B9E7-7296-4D08-B1E2-294E92C5C773}.Debug|Any CPU.ActiveCfg = Debug|Any CPU
		{0688B9E7-7296-4D08-B1E2-294E92C5C773}.Debug|Any CPU.Build.0 = Debug|Any CPU
		{0688B9E7-7296-4D08-B1E2-294E92C5C773}.Release|Any CPU.ActiveCfg = Release|Any CPU
		{0688B9E7-7296-4D08-B1E2-294E92C5C773}.Release|Any CPU.Build.0 = Release|Any CPU
		{0688B9E7-7296-4D08-B1E2-294E92C5C773}.Debug|iPhoneSimulator.ActiveCfg = Debug|Any CPU
		{0688B9E7-7296-4D08-B1E2-294E92C5C773}.Debug|iPhoneSimulator.Build.0 = Debug|Any CPU
		{0688B9E7-7296-4D08-B1E2-294E92C5C773}.Release|iPhoneSimulator.ActiveCfg = Release|Any CPU
		{0688B9E7-7296-4D08-B1E2-294E92C5C773}.Release|iPhoneSimulator.Build.0 = Release|Any CPU
		{0688B9E7-7296-4D08-B1E2-294E92C5C773}.Debug|iPhone.ActiveCfg = Debug|Any CPU
		{0688B9E7-7296-4D08-B1E2-294E92C5C773}.Debug|iPhone.Build.0 = Debug|Any CPU
		{0688B9E7-7296-4D08-B1E2-294E92C5C773}.Release|iPhone.ActiveCfg = Release|Any CPU
		{0688B9E7-7296-4D08-B1E2-294E92C5C773}.Release|iPhone.Build.0 = Release|Any CPU
		{0688B9E7-7296-4D08-B1E2-294E92C5C773}.Ad-Hoc|iPhone.ActiveCfg = Debug|Any CPU
		{0688B9E7-7296-4D08-B1E2-294E92C5C773}.Ad-Hoc|iPhone.Build.0 = Debug|Any CPU
		{0688B9E7-7296-4D08-B1E2-294E92C5C773}.AppStore|iPhone.ActiveCfg = Debug|Any CPU
		{0688B9E7-7296-4D08-B1E2-294E92C5C773}.AppStore|iPhone.Build.0 = Debug|Any CPU
	EndGlobalSection
EndGlobal
